// !$*UTF8*$!
{
	archiveVersion = 1;
	classes = {
	};
	objectVersion = 55;
	objects = {

/* Begin PBXBuildFile section */
		2D205E74278DC50D0084863A /* AppDelegate.swift in Sources */ = {isa = PBXBuildFile; fileRef = 2D205E73278DC50D0084863A /* AppDelegate.swift */; };
		2D205E76278DC50D0084863A /* SceneDelegate.swift in Sources */ = {isa = PBXBuildFile; fileRef = 2D205E75278DC50D0084863A /* SceneDelegate.swift */; };
		2D205E78278DC50D0084863A /* AnimationsViewController.swift in Sources */ = {isa = PBXBuildFile; fileRef = 2D205E77278DC50D0084863A /* AnimationsViewController.swift */; };
		2D205E7B278DC50D0084863A /* Main.storyboard in Resources */ = {isa = PBXBuildFile; fileRef = 2D205E79278DC50D0084863A /* Main.storyboard */; };
		2D205E7D278DC5100084863A /* Assets.xcassets in Resources */ = {isa = PBXBuildFile; fileRef = 2D205E7C278DC5100084863A /* Assets.xcassets */; };
		2D205E80278DC5100084863A /* LaunchScreen.storyboard in Resources */ = {isa = PBXBuildFile; fileRef = 2D205E7E278DC5100084863A /* LaunchScreen.storyboard */; };
		2D205E8B278EF6420084863A /* AnimationModel.swift in Sources */ = {isa = PBXBuildFile; fileRef = 2D205E8A278EF6420084863A /* AnimationModel.swift */; };
		2D205E8E278F20990084863A /* DataManager.swift in Sources */ = {isa = PBXBuildFile; fileRef = 2D205E8D278F20990084863A /* DataManager.swift */; };
		6523F25DB85ACEA8B33CAB97 /* Pods_AnimationsApp.framework in Frameworks */ = {isa = PBXBuildFile; fileRef = E7283C54C3A4BA028DEEC021 /* Pods_AnimationsApp.framework */; };
/* End PBXBuildFile section */

/* Begin PBXFileReference section */
		2D205E70278DC50D0084863A /* AnimationsApp.app */ = {isa = PBXFileReference; explicitFileType = wrapper.application; includeInIndex = 0; path = AnimationsApp.app; sourceTree = BUILT_PRODUCTS_DIR; };
		2D205E73278DC50D0084863A /* AppDelegate.swift */ = {isa = PBXFileReference; lastKnownFileType = sourcecode.swift; path = AppDelegate.swift; sourceTree = "<group>"; };
		2D205E75278DC50D0084863A /* SceneDelegate.swift */ = {isa = PBXFileReference; lastKnownFileType = sourcecode.swift; path = SceneDelegate.swift; sourceTree = "<group>"; };
		2D205E77278DC50D0084863A /* AnimationsViewController.swift */ = {isa = PBXFileReference; lastKnownFileType = sourcecode.swift; path = AnimationsViewController.swift; sourceTree = "<group>"; };
		2D205E7A278DC50D0084863A /* Base */ = {isa = PBXFileReference; lastKnownFileType = file.storyboard; name = Base; path = Base.lproj/Main.storyboard; sourceTree = "<group>"; };
		2D205E7C278DC5100084863A /* Assets.xcassets */ = {isa = PBXFileReference; lastKnownFileType = folder.assetcatalog; path = Assets.xcassets; sourceTree = "<group>"; };
		2D205E7F278DC5100084863A /* Base */ = {isa = PBXFileReference; lastKnownFileType = file.storyboard; name = Base; path = Base.lproj/LaunchScreen.storyboard; sourceTree = "<group>"; };
		2D205E81278DC5100084863A /* Info.plist */ = {isa = PBXFileReference; lastKnownFileType = text.plist.xml; path = Info.plist; sourceTree = "<group>"; };
		2D205E8A278EF6420084863A /* AnimationModel.swift */ = {isa = PBXFileReference; lastKnownFileType = sourcecode.swift; path = AnimationModel.swift; sourceTree = "<group>"; };
		2D205E8D278F20990084863A /* DataManager.swift */ = {isa = PBXFileReference; lastKnownFileType = sourcecode.swift; path = DataManager.swift; sourceTree = "<group>"; };
		AFC72C9DC96C434BD335353A /* Pods-AnimationsApp.release.xcconfig */ = {isa = PBXFileReference; includeInIndex = 1; lastKnownFileType = text.xcconfig; name = "Pods-AnimationsApp.release.xcconfig"; path = "Target Support Files/Pods-AnimationsApp/Pods-AnimationsApp.release.xcconfig"; sourceTree = "<group>"; };
		C92DC141949FE99CCACDAA50 /* Pods-AnimationsApp.debug.xcconfig */ = {isa = PBXFileReference; includeInIndex = 1; lastKnownFileType = text.xcconfig; name = "Pods-AnimationsApp.debug.xcconfig"; path = "Target Support Files/Pods-AnimationsApp/Pods-AnimationsApp.debug.xcconfig"; sourceTree = "<group>"; };
		E7283C54C3A4BA028DEEC021 /* Pods_AnimationsApp.framework */ = {isa = PBXFileReference; explicitFileType = wrapper.framework; includeInIndex = 0; path = Pods_AnimationsApp.framework; sourceTree = BUILT_PRODUCTS_DIR; };
/* End PBXFileReference section */

/* Begin PBXFrameworksBuildPhase section */
		2D205E6D278DC50D0084863A /* Frameworks */ = {
			isa = PBXFrameworksBuildPhase;
			buildActionMask = 2147483647;
			files = (
				6523F25DB85ACEA8B33CAB97 /* Pods_AnimationsApp.framework in Frameworks */,
			);
			runOnlyForDeploymentPostprocessing = 0;
		};
/* End PBXFrameworksBuildPhase section */

/* Begin PBXGroup section */
		14A35AF96453D2D749E95173 /* Pods */ = {
			isa = PBXGroup;
			children = (
				C92DC141949FE99CCACDAA50 /* Pods-AnimationsApp.debug.xcconfig */,
				AFC72C9DC96C434BD335353A /* Pods-AnimationsApp.release.xcconfig */,
			);
			path = Pods;
			sourceTree = "<group>";
		};
		2D205E67278DC50D0084863A = {
			isa = PBXGroup;
			children = (
				2D205E72278DC50D0084863A /* AnimationsApp */,
				2D205E71278DC50D0084863A /* Products */,
				14A35AF96453D2D749E95173 /* Pods */,
				31A274A49C0CD7AB3BC92939 /* Frameworks */,
			);
			sourceTree = "<group>";
		};
		2D205E71278DC50D0084863A /* Products */ = {
			isa = PBXGroup;
			children = (
				2D205E70278DC50D0084863A /* AnimationsApp.app */,
			);
			name = Products;
			sourceTree = "<group>";
		};
		2D205E72278DC50D0084863A /* AnimationsApp */ = {
			isa = PBXGroup;
			children = (
				2D205E8F278F224A0084863A /* Service */,
				2D205E8C278EF9800084863A /* Model */,
				2D205E87278DEF980084863A /* Storyboard */,
				2D205E88278DEFD20084863A /* ViewControllers */,
				2D205E89278DEFE70084863A /* Other */,
			);
			path = AnimationsApp;
			sourceTree = "<group>";
		};
		2D205E87278DEF980084863A /* Storyboard */ = {
			isa = PBXGroup;
			children = (
				2D205E7E278DC5100084863A /* LaunchScreen.storyboard */,
				2D205E79278DC50D0084863A /* Main.storyboard */,
			);
			path = Storyboard;
			sourceTree = "<group>";
		};
		2D205E88278DEFD20084863A /* ViewControllers */ = {
			isa = PBXGroup;
			children = (
				2D205E77278DC50D0084863A /* AnimationsViewController.swift */,
			);
			path = ViewControllers;
			sourceTree = "<group>";
		};
		2D205E89278DEFE70084863A /* Other */ = {
			isa = PBXGroup;
			children = (
				2D205E73278DC50D0084863A /* AppDelegate.swift */,
				2D205E75278DC50D0084863A /* SceneDelegate.swift */,
				2D205E7C278DC5100084863A /* Assets.xcassets */,
				2D205E81278DC5100084863A /* Info.plist */,
			);
			path = Other;
			sourceTree = "<group>";
		};
		2D205E8C278EF9800084863A /* Model */ = {
			isa = PBXGroup;
			children = (
				2D205E8A278EF6420084863A /* AnimationModel.swift */,
			);
			path = Model;
			sourceTree = "<group>";
		};
		2D205E8F278F224A0084863A /* Service */ = {
			isa = PBXGroup;
			children = (
				2D205E8D278F20990084863A /* DataManager.swift */,
			);
			path = Service;
			sourceTree = "<group>";
		};
		31A274A49C0CD7AB3BC92939 /* Frameworks */ = {
			isa = PBXGroup;
			children = (
				E7283C54C3A4BA028DEEC021 /* Pods_AnimationsApp.framework */,
			);
			name = Frameworks;
			sourceTree = "<group>";
		};
/* End PBXGroup section */

/* Begin PBXNativeTarget section */
		2D205E6F278DC50D0084863A /* AnimationsApp */ = {
			isa = PBXNativeTarget;
			buildConfigurationList = 2D205E84278DC5100084863A /* Build configuration list for PBXNativeTarget "AnimationsApp" */;
			buildPhases = (
				C34C4333659B133A289D44D5 /* [CP] Check Pods Manifest.lock */,
				2D205E6C278DC50D0084863A /* Sources */,
				2D205E6D278DC50D0084863A /* Frameworks */,
				2D205E6E278DC50D0084863A /* Resources */,
				DA7CA52DB9C14263DBCC279C /* [CP] Embed Pods Frameworks */,
			);
			buildRules = (
			);
			dependencies = (
			);
			name = AnimationsApp;
			productName = AnimationsApp;
			productReference = 2D205E70278DC50D0084863A /* AnimationsApp.app */;
			productType = "com.apple.product-type.application";
		};
/* End PBXNativeTarget section */

/* Begin PBXProject section */
		2D205E68278DC50D0084863A /* Project object */ = {
			isa = PBXProject;
			attributes = {
				BuildIndependentTargetsInParallel = 1;
				LastSwiftUpdateCheck = 1310;
				LastUpgradeCheck = 1310;
				TargetAttributes = {
					2D205E6F278DC50D0084863A = {
						CreatedOnToolsVersion = 13.1;
					};
				};
			};
			buildConfigurationList = 2D205E6B278DC50D0084863A /* Build configuration list for PBXProject "AnimationsApp" */;
			compatibilityVersion = "Xcode 13.0";
			developmentRegion = en;
			hasScannedForEncodings = 0;
			knownRegions = (
				en,
				Base,
			);
			mainGroup = 2D205E67278DC50D0084863A;
			productRefGroup = 2D205E71278DC50D0084863A /* Products */;
			projectDirPath = "";
			projectRoot = "";
			targets = (
				2D205E6F278DC50D0084863A /* AnimationsApp */,
			);
		};
/* End PBXProject section */

/* Begin PBXResourcesBuildPhase section */
		2D205E6E278DC50D0084863A /* Resources */ = {
			isa = PBXResourcesBuildPhase;
			buildActionMask = 2147483647;
			files = (
				2D205E80278DC5100084863A /* LaunchScreen.storyboard in Resources */,
				2D205E7D278DC5100084863A /* Assets.xcassets in Resources */,
				2D205E7B278DC50D0084863A /* Main.storyboard in Resources */,
			);
			runOnlyForDeploymentPostprocessing = 0;
		};
/* End PBXResourcesBuildPhase section */

/* Begin PBXShellScriptBuildPhase section */
		C34C4333659B133A289D44D5 /* [CP] Check Pods Manifest.lock */ = {
			isa = PBXShellScriptBuildPhase;
			buildActionMask = 2147483647;
			files = (
			);
			inputFileListPaths = (
			);
			inputPaths = (
				"${PODS_PODFILE_DIR_PATH}/Podfile.lock",
				"${PODS_ROOT}/Manifest.lock",
			);
			name = "[CP] Check Pods Manifest.lock";
			outputFileListPaths = (
			);
			outputPaths = (
				"$(DERIVED_FILE_DIR)/Pods-AnimationsApp-checkManifestLockResult.txt",
			);
			runOnlyForDeploymentPostprocessing = 0;
			shellPath = /bin/sh;
			shellScript = "diff \"${PODS_PODFILE_DIR_PATH}/Podfile.lock\" \"${PODS_ROOT}/Manifest.lock\" > /dev/null\nif [ $? != 0 ] ; then\n    # print error to STDERR\n    echo \"error: The sandbox is not in sync with the Podfile.lock. Run 'pod install' or update your CocoaPods installation.\" >&2\n    exit 1\nfi\n# This output is used by Xcode 'outputs' to avoid re-running this script phase.\necho \"SUCCESS\" > \"${SCRIPT_OUTPUT_FILE_0}\"\n";
			showEnvVarsInLog = 0;
		};
		DA7CA52DB9C14263DBCC279C /* [CP] Embed Pods Frameworks */ = {
			isa = PBXShellScriptBuildPhase;
			buildActionMask = 2147483647;
			files = (
			);
			inputFileListPaths = (
				"${PODS_ROOT}/Target Support Files/Pods-AnimationsApp/Pods-AnimationsApp-frameworks-${CONFIGURATION}-input-files.xcfilelist",
			);
			name = "[CP] Embed Pods Frameworks";
			outputFileListPaths = (
				"${PODS_ROOT}/Target Support Files/Pods-AnimationsApp/Pods-AnimationsApp-frameworks-${CONFIGURATION}-output-files.xcfilelist",
			);
			runOnlyForDeploymentPostprocessing = 0;
			shellPath = /bin/sh;
			shellScript = "\"${PODS_ROOT}/Target Support Files/Pods-AnimationsApp/Pods-AnimationsApp-frameworks.sh\"\n";
			showEnvVarsInLog = 0;
		};
/* End PBXShellScriptBuildPhase section */

/* Begin PBXSourcesBuildPhase section */
		2D205E6C278DC50D0084863A /* Sources */ = {
			isa = PBXSourcesBuildPhase;
			buildActionMask = 2147483647;
			files = (
				2D205E8B278EF6420084863A /* AnimationModel.swift in Sources */,
				2D205E8E278F20990084863A /* DataManager.swift in Sources */,
				2D205E78278DC50D0084863A /* AnimationsViewController.swift in Sources */,
				2D205E74278DC50D0084863A /* AppDelegate.swift in Sources */,
				2D205E76278DC50D0084863A /* SceneDelegate.swift in Sources */,
			);
			runOnlyForDeploymentPostprocessing = 0;
		};
/* End PBXSourcesBuildPhase section */

/* Begin PBXVariantGroup section */
		2D205E79278DC50D0084863A /* Main.storyboard */ = {
			isa = PBXVariantGroup;
			children = (
				2D205E7A278DC50D0084863A /* Base */,
			);
			name = Main.storyboard;
			sourceTree = "<group>";
		};
		2D205E7E278DC5100084863A /* LaunchScreen.storyboard */ = {
			isa = PBXVariantGroup;
			children = (
				2D205E7F278DC5100084863A /* Base */,
			);
			name = LaunchScreen.storyboard;
			sourceTree = "<group>";
		};
/* End PBXVariantGroup section */

/* Begin XCBuildConfiguration section */
		2D205E82278DC5100084863A /* Debug */ = {
			isa = XCBuildConfiguration;
			buildSettings = {
				ALWAYS_SEARCH_USER_PATHS = NO;
				CLANG_ANALYZER_NONNULL = YES;
				CLANG_ANALYZER_NUMBER_OBJECT_CONVERSION = YES_AGGRESSIVE;
				CLANG_CXX_LANGUAGE_STANDARD = "gnu++17";
				CLANG_CXX_LIBRARY = "libc++";
				CLANG_ENABLE_MODULES = YES;
				CLANG_ENABLE_OBJC_ARC = YES;
				CLANG_ENABLE_OBJC_WEAK = YES;
				CLANG_WARN_BLOCK_CAPTURE_AUTORELEASING = YES;
				CLANG_WARN_BOOL_CONVERSION = YES;
				CLANG_WARN_COMMA = YES;
				CLANG_WARN_CONSTANT_CONVERSION = YES;
				CLANG_WARN_DEPRECATED_OBJC_IMPLEMENTATIONS = YES;
				CLANG_WARN_DIRECT_OBJC_ISA_USAGE = YES_ERROR;
				CLANG_WARN_DOCUMENTATION_COMMENTS = YES;
				CLANG_WARN_EMPTY_BODY = YES;
				CLANG_WARN_ENUM_CONVERSION = YES;
				CLANG_WARN_INFINITE_RECURSION = YES;
				CLANG_WARN_INT_CONVERSION = YES;
				CLANG_WARN_NON_LITERAL_NULL_CONVERSION = YES;
				CLANG_WARN_OBJC_IMPLICIT_RETAIN_SELF = YES;
				CLANG_WARN_OBJC_LITERAL_CONVERSION = YES;
				CLANG_WARN_OBJC_ROOT_CLASS = YES_ERROR;
				CLANG_WARN_QUOTED_INCLUDE_IN_FRAMEWORK_HEADER = YES;
				CLANG_WARN_RANGE_LOOP_ANALYSIS = YES;
				CLANG_WARN_STRICT_PROTOTYPES = YES;
				CLANG_WARN_SUSPICIOUS_MOVE = YES;
				CLANG_WARN_UNGUARDED_AVAILABILITY = YES_AGGRESSIVE;
				CLANG_WARN_UNREACHABLE_CODE = YES;
				CLANG_WARN__DUPLICATE_METHOD_MATCH = YES;
				COPY_PHASE_STRIP = NO;
				DEBUG_INFORMATION_FORMAT = dwarf;
				ENABLE_STRICT_OBJC_MSGSEND = YES;
				ENABLE_TESTABILITY = YES;
				GCC_C_LANGUAGE_STANDARD = gnu11;
				GCC_DYNAMIC_NO_PIC = NO;
				GCC_NO_COMMON_BLOCKS = YES;
				GCC_OPTIMIZATION_LEVEL = 0;
				GCC_PREPROCESSOR_DEFINITIONS = (
					"DEBUG=1",
					"$(inherited)",
				);
				GCC_WARN_64_TO_32_BIT_CONVERSION = YES;
				GCC_WARN_ABOUT_RETURN_TYPE = YES_ERROR;
				GCC_WARN_UNDECLARED_SELECTOR = YES;
				GCC_WARN_UNINITIALIZED_AUTOS = YES_AGGRESSIVE;
				GCC_WARN_UNUSED_FUNCTION = YES;
				GCC_WARN_UNUSED_VARIABLE = YES;
				IPHONEOS_DEPLOYMENT_TARGET = 15.0;
				MTL_ENABLE_DEBUG_INFO = INCLUDE_SOURCE;
				MTL_FAST_MATH = YES;
				ONLY_ACTIVE_ARCH = YES;
				SDKROOT = iphoneos;
				SWIFT_ACTIVE_COMPILATION_CONDITIONS = DEBUG;
				SWIFT_OPTIMIZATION_LEVEL = "-Onone";
			};
			name = Debug;
		};
		2D205E83278DC5100084863A /* Release */ = {
			isa = XCBuildConfiguration;
			buildSettings = {
				ALWAYS_SEARCH_USER_PATHS = NO;
				CLANG_ANALYZER_NONNULL = YES;
				CLANG_ANALYZER_NUMBER_OBJECT_CONVERSION = YES_AGGRESSIVE;
				CLANG_CXX_LANGUAGE_STANDARD = "gnu++17";
				CLANG_CXX_LIBRARY = "libc++";
				CLANG_ENABLE_MODULES = YES;
				CLANG_ENABLE_OBJC_ARC = YES;
				CLANG_ENABLE_OBJC_WEAK = YES;
				CLANG_WARN_BLOCK_CAPTURE_AUTORELEASING = YES;
				CLANG_WARN_BOOL_CONVERSION = YES;
				CLANG_WARN_COMMA = YES;
				CLANG_WARN_CONSTANT_CONVERSION = YES;
				CLANG_WARN_DEPRECATED_OBJC_IMPLEMENTATIONS = YES;
				CLANG_WARN_DIRECT_OBJC_ISA_USAGE = YES_ERROR;
				CLANG_WARN_DOCUMENTATION_COMMENTS = YES;
				CLANG_WARN_EMPTY_BODY = YES;
				CLANG_WARN_ENUM_CONVERSION = YES;
				CLANG_WARN_INFINITE_RECURSION = YES;
				CLANG_WARN_INT_CONVERSION = YES;
				CLANG_WARN_NON_LITERAL_NULL_CONVERSION = YES;
				CLANG_WARN_OBJC_IMPLICIT_RETAIN_SELF = YES;
				CLANG_WARN_OBJC_LITERAL_CONVERSION = YES;
				CLANG_WARN_OBJC_ROOT_CLASS = YES_ERROR;
				CLANG_WARN_QUOTED_INCLUDE_IN_FRAMEWORK_HEADER = YES;
				CLANG_WARN_RANGE_LOOP_ANALYSIS = YES;
				CLANG_WARN_STRICT_PROTOTYPES = YES;
				CLANG_WARN_SUSPICIOUS_MOVE = YES;
				CLANG_WARN_UNGUARDED_AVAILABILITY = YES_AGGRESSIVE;
				CLANG_WARN_UNREACHABLE_CODE = YES;
				CLANG_WARN__DUPLICATE_METHOD_MATCH = YES;
				COPY_PHASE_STRIP = NO;
				DEBUG_INFORMATION_FORMAT = "dwarf-with-dsym";
				ENABLE_NS_ASSERTIONS = NO;
				ENABLE_STRICT_OBJC_MSGSEND = YES;
				GCC_C_LANGUAGE_STANDARD = gnu11;
				GCC_NO_COMMON_BLOCKS = YES;
				GCC_WARN_64_TO_32_BIT_CONVERSION = YES;
				GCC_WARN_ABOUT_RETURN_TYPE = YES_ERROR;
				GCC_WARN_UNDECLARED_SELECTOR = YES;
				GCC_WARN_UNINITIALIZED_AUTOS = YES_AGGRESSIVE;
				GCC_WARN_UNUSED_FUNCTION = YES;
				GCC_WARN_UNUSED_VARIABLE = YES;
				IPHONEOS_DEPLOYMENT_TARGET = 15.0;
				MTL_ENABLE_DEBUG_INFO = NO;
				MTL_FAST_MATH = YES;
				SDKROOT = iphoneos;
				SWIFT_COMPILATION_MODE = wholemodule;
				SWIFT_OPTIMIZATION_LEVEL = "-O";
				VALIDATE_PRODUCT = YES;
			};
			name = Release;
		};
		2D205E85278DC5100084863A /* Debug */ = {
			isa = XCBuildConfiguration;
			baseConfigurationReference = C92DC141949FE99CCACDAA50 /* Pods-AnimationsApp.debug.xcconfig */;
			buildSettings = {
				ASSETCATALOG_COMPILER_APPICON_NAME = AppIcon;
				ASSETCATALOG_COMPILER_GLOBAL_ACCENT_COLOR_NAME = AccentColor;
				CODE_SIGN_STYLE = Automatic;
				CURRENT_PROJECT_VERSION = 1;
				DEVELOPMENT_TEAM = HUN84826YQ;
				GENERATE_INFOPLIST_FILE = YES;
				INFOPLIST_FILE = AnimationsApp/Other/Info.plist;
				INFOPLIST_KEY_UIApplicationSupportsIndirectInputEvents = YES;
				INFOPLIST_KEY_UILaunchStoryboardName = LaunchScreen;
				INFOPLIST_KEY_UIMainStoryboardFile = Main;
				INFOPLIST_KEY_UISupportedInterfaceOrientations = UIInterfaceOrientationPortrait;
				INFOPLIST_KEY_UISupportedInterfaceOrientations_iPad = "UIInterfaceOrientationPortrait UIInterfaceOrientationPortraitUpsideDown UIInterfaceOrientationLandscapeLeft UIInterfaceOrientationLandscapeRight";
				INFOPLIST_KEY_UISupportedInterfaceOrientations_iPhone = "UIInterfaceOrientationPortrait UIInterfaceOrientationLandscapeLeft UIInterfaceOrientationLandscapeRight";
				LD_RUNPATH_SEARCH_PATHS = (
					"$(inherited)",
					"@executable_path/Frameworks",
				);
				MARKETING_VERSION = 1.0;
				PRODUCT_BUNDLE_IDENTIFIER = ru.awesome.AnimationsApp;
				PRODUCT_NAME = "$(TARGET_NAME)";
				SWIFT_EMIT_LOC_STRINGS = YES;
				SWIFT_VERSION = 5.0;
				TARGETED_DEVICE_FAMILY = 1;
			};
			name = Debug;
		};
		2D205E86278DC5100084863A /* Release */ = {
			isa = XCBuildConfiguration;
			baseConfigurationReference = AFC72C9DC96C434BD335353A /* Pods-AnimationsApp.release.xcconfig */;
			buildSettings = {
				ASSETCATALOG_COMPILER_APPICON_NAME = AppIcon;
				ASSETCATALOG_COMPILER_GLOBAL_ACCENT_COLOR_NAME = AccentColor;
				CODE_SIGN_STYLE = Automatic;
				CURRENT_PROJECT_VERSION = 1;
				DEVELOPMENT_TEAM = HUN84826YQ;
				GENERATE_INFOPLIST_FILE = YES;
				INFOPLIST_FILE = AnimationsApp/Other/Info.plist;
				INFOPLIST_KEY_UIApplicationSupportsIndirectInputEvents = YES;
				INFOPLIST_KEY_UILaunchStoryboardName = LaunchScreen;
				INFOPLIST_KEY_UIMainStoryboardFile = Main;
				INFOPLIST_KEY_UISupportedInterfaceOrientations = UIInterfaceOrientationPortrait;
				INFOPLIST_KEY_UISupportedInterfaceOrientations_iPad = "UIInterfaceOrientationPortrait UIInterfaceOrientationPortraitUpsideDown UIInterfaceOrientationLandscapeLeft UIInterfaceOrientationLandscapeRight";
				INFOPLIST_KEY_UISupportedInterfaceOrientations_iPhone = "UIInterfaceOrientationPortrait UIInterfaceOrientationLandscapeLeft UIInterfaceOrientationLandscapeRight";
				LD_RUNPATH_SEARCH_PATHS = (
					"$(inherited)",
					"@executable_path/Frameworks",
				);
				MARKETING_VERSION = 1.0;
				PRODUCT_BUNDLE_IDENTIFIER = ru.awesome.AnimationsApp;
				PRODUCT_NAME = "$(TARGET_NAME)";
				SWIFT_EMIT_LOC_STRINGS = YES;
				SWIFT_VERSION = 5.0;
				TARGETED_DEVICE_FAMILY = 1;
			};
			name = Release;
		};
/* End XCBuildConfiguration section */

/* Begin XCConfigurationList section */
		2D205E6B278DC50D0084863A /* Build configuration list for PBXProject "AnimationsApp" */ = {
			isa = XCConfigurationList;
			buildConfigurations = (
				2D205E82278DC5100084863A /* Debug */,
				2D205E83278DC5100084863A /* Release */,
			);
			defaultConfigurationIsVisible = 0;
			defaultConfigurationName = Release;
		};
		2D205E84278DC5100084863A /* Build configuration list for PBXNativeTarget "AnimationsApp" */ = {
			isa = XCConfigurationList;
			buildConfigurations = (
				2D205E85278DC5100084863A /* Debug */,
				2D205E86278DC5100084863A /* Release */,
			);
			defaultConfigurationIsVisible = 0;
			defaultConfigurationName = Release;
		};
/* End XCConfigurationList section */
	};
	rootObject = 2D205E68278DC50D0084863A /* Project object */;
}
